
Microsoft Visual Studio Solution File, Format Version 12.00
# Visual Studio Version 17
VisualStudioVersion = 17.4.33110.190
MinimumVisualStudioVersion = 10.0.40219.1
Project("{FAE04EC0-301F-11D3-BF4B-00C04F79EFBC}") = "CSharp-Geometria", "CSharp-Geometria\CSharp-Geometria.csproj", "{7477BEAB-F293-453C-BC8F-53F5A8B8AA69}"
EndProject
Global
	GlobalSection(SolutionConfigurationPlatforms) = preSolution
		Debug|Any CPU = Debug|Any CPU
		Release|Any CPU = Release|Any CPU
	EndGlobalSection
	GlobalSection(ProjectConfigurationPlatforms) = postSolution
		{7477BEAB-F293-453C-BC8F-53F5A8B8AA69}.Debug|Any CPU.ActiveCfg = Debug|Any CPU
		{7477BEAB-F293-453C-BC8F-53F5A8B8AA69}.Debug|Any CPU.Build.0 = Debug|Any CPU
		{7477BEAB-F293-453C-BC8F-53F5A8B8AA69}.Release|Any CPU.ActiveCfg = Release|Any CPU
		{7477BEAB-F293-453C-BC8F-53F5A8B8AA69}.Release|Any CPU.Build.0 = Release|Any CPU
	EndGlobalSection
	GlobalSection(SolutionProperties) = preSolution
		HideSolutionNode = FALSE
	EndGlobalSection
	GlobalSection(ExtensibilityGlobals) = postSolution
		SolutionGuid = {E44CBFA6-1327-4DBE-9A80-893E2DA14F61}
	EndGlobalSection
EndGlobal
